Microsoft Visual Studio Solution File, Format Version 11.00
# Visual Studio 2008

Project("{03652E8E-F5FC-66DF-2A9D-359429D6AD1B}") = "ProjectCars", "Assembly-CSharp-firstpass.csproj", "{AE6DF700-7E29-CDE8-3B50-991A6A91EC0F}"
EndProject
Project("{03652E8E-F5FC-66DF-2A9D-359429D6AD1B}") = "ProjectCars", "Assembly-CSharp.csproj", "{6C77FE50-BDE9-B4DA-B737-10420D05B673}"
EndProject
Project("{03652E8E-F5FC-66DF-2A9D-359429D6AD1B}") = "ProjectCars", "Assembly-CSharp-Editor.csproj", "{533E51A0-63A1-4F37-DAF5-8E2A1CA61286}"
EndProject
Global
	GlobalSection(SolutionConfigurationPlatforms) = preSolution
		Debug|Any CPU = Debug|Any CPU
		Release|Any CPU = Release|Any CPU
	EndGlobalSection
	GlobalSection(ProjectConfigurationPlatforms) = postSolution
		{AE6DF700-7E29-CDE8-3B50-991A6A91EC0F}.Debug|Any CPU.ActiveCfg = Debug|Any CPU
		{AE6DF700-7E29-CDE8-3B50-991A6A91EC0F}.Debug|Any CPU.Build.0 = Debug|Any CPU
		{AE6DF700-7E29-CDE8-3B50-991A6A91EC0F}.Release|Any CPU.ActiveCfg = Release|Any CPU
		{AE6DF700-7E29-CDE8-3B50-991A6A91EC0F}.Release|Any CPU.Build.0 = Release|Any CPU
		{6C77FE50-BDE9-B4DA-B737-10420D05B673}.Debug|Any CPU.ActiveCfg = Debug|Any CPU
		{6C77FE50-BDE9-B4DA-B737-10420D05B673}.Debug|Any CPU.Build.0 = Debug|Any CPU
		{6C77FE50-BDE9-B4DA-B737-10420D05B673}.Release|Any CPU.ActiveCfg = Release|Any CPU
		{6C77FE50-BDE9-B4DA-B737-10420D05B673}.Release|Any CPU.Build.0 = Release|Any CPU
		{533E51A0-63A1-4F37-DAF5-8E2A1CA61286}.Debug|Any CPU.ActiveCfg = Debug|Any CPU
		{533E51A0-63A1-4F37-DAF5-8E2A1CA61286}.Debug|Any CPU.Build.0 = Debug|Any CPU
		{533E51A0-63A1-4F37-DAF5-8E2A1CA61286}.Release|Any CPU.ActiveCfg = Release|Any CPU
		{533E51A0-63A1-4F37-DAF5-8E2A1CA61286}.Release|Any CPU.Build.0 = Release|Any CPU
	EndGlobalSection
	GlobalSection(SolutionProperties) = preSolution
		HideSolutionNode = FALSE
	EndGlobalSection
	GlobalSection(MonoDevelopProperties) = preSolution
		StartupItem = Assembly-CSharp.csproj
	EndGlobalSection
EndGlobal
