
Microsoft Visual Studio Solution File, Format Version 12.00
# Visual Studio 2015
Project("{FAE04EC0-301F-11D3-BF4B-00C04F79EFBC}") = "ProjectCars.Plugins", "ProjectCars.Plugins.csproj", "{90C23EC4-9A8F-25AE-DE8C-5DFD2415E16F}"
EndProject
Project("{FAE04EC0-301F-11D3-BF4B-00C04F79EFBC}") = "ProjectCars", "ProjectCars.csproj", "{0B816995-AE4F-7D78-E4EF-255513799A73}"
EndProject
Project("{FAE04EC0-301F-11D3-BF4B-00C04F79EFBC}") = "ProjectCars.Editor", "ProjectCars.Editor.csproj", "{D72B659A-52BA-3319-6FDC-EA6833655C7D}"
EndProject
Global
	GlobalSection(SolutionConfigurationPlatforms) = preSolution
		Debug|Any CPU = Debug|Any CPU
		Release|Any CPU = Release|Any CPU
	EndGlobalSection
	GlobalSection(ProjectConfigurationPlatforms) = postSolution
		{90C23EC4-9A8F-25AE-DE8C-5DFD2415E16F}.Debug|Any CPU.ActiveCfg = Debug|Any CPU
		{90C23EC4-9A8F-25AE-DE8C-5DFD2415E16F}.Debug|Any CPU.Build.0 = Debug|Any CPU
		{90C23EC4-9A8F-25AE-DE8C-5DFD2415E16F}.Release|Any CPU.ActiveCfg = Release|Any CPU
		{90C23EC4-9A8F-25AE-DE8C-5DFD2415E16F}.Release|Any CPU.Build.0 = Release|Any CPU
		{0B816995-AE4F-7D78-E4EF-255513799A73}.Debug|Any CPU.ActiveCfg = Debug|Any CPU
		{0B816995-AE4F-7D78-E4EF-255513799A73}.Debug|Any CPU.Build.0 = Debug|Any CPU
		{0B816995-AE4F-7D78-E4EF-255513799A73}.Release|Any CPU.ActiveCfg = Release|Any CPU
		{0B816995-AE4F-7D78-E4EF-255513799A73}.Release|Any CPU.Build.0 = Release|Any CPU
		{D72B659A-52BA-3319-6FDC-EA6833655C7D}.Debug|Any CPU.ActiveCfg = Debug|Any CPU
		{D72B659A-52BA-3319-6FDC-EA6833655C7D}.Debug|Any CPU.Build.0 = Debug|Any CPU
		{D72B659A-52BA-3319-6FDC-EA6833655C7D}.Release|Any CPU.ActiveCfg = Release|Any CPU
		{D72B659A-52BA-3319-6FDC-EA6833655C7D}.Release|Any CPU.Build.0 = Release|Any CPU
	EndGlobalSection
	GlobalSection(SolutionProperties) = preSolution
		HideSolutionNode = FALSE
	EndGlobalSection
EndGlobal
